// !$*UTF8*$!
{
	archiveVersion = 1;
	classes = {
	};
	objectVersion = 50;
	objects = {

/* Begin PBXBuildFile section */
		EF89FC5A21A1980B0073DCF0 /* AppDelegate.swift in Sources */ = {isa = PBXBuildFile; fileRef = EF89FC5921A1980B0073DCF0 /* AppDelegate.swift */; };
		EF89FC5C21A1980B0073DCF0 /* ViewController.swift in Sources */ = {isa = PBXBuildFile; fileRef = EF89FC5B21A1980B0073DCF0 /* ViewController.swift */; };
		EF89FC5F21A1980B0073DCF0 /* Main.storyboard in Resources */ = {isa = PBXBuildFile; fileRef = EF89FC5D21A1980B0073DCF0 /* Main.storyboard */; };
		EF89FC6121A1980B0073DCF0 /* Assets.xcassets in Resources */ = {isa = PBXBuildFile; fileRef = EF89FC6021A1980B0073DCF0 /* Assets.xcassets */; };
		EF89FC6421A1980B0073DCF0 /* LaunchScreen.storyboard in Resources */ = {isa = PBXBuildFile; fileRef = EF89FC6221A1980B0073DCF0 /* LaunchScreen.storyboard */; };
		EF89FC6F21A1980C0073DCF0 /* Test2Tests.swift in Sources */ = {isa = PBXBuildFile; fileRef = EF89FC6E21A1980C0073DCF0 /* Test2Tests.swift */; };
		EF89FC7A21A1980C0073DCF0 /* Test2UITests.swift in Sources */ = {isa = PBXBuildFile; fileRef = EF89FC7921A1980C0073DCF0 /* Test2UITests.swift */; };
/* End PBXBuildFile section */

/* Begin PBXContainerItemProxy section */
		EF89FC6B21A1980C0073DCF0 /* PBXContainerItemProxy */ = {
			isa = PBXContainerItemProxy;
			containerPortal = EF89FC4E21A1980B0073DCF0 /* Project object */;
			proxyType = 1;
			remoteGlobalIDString = EF89FC5521A1980B0073DCF0;
			remoteInfo = Test2;
		};
		EF89FC7621A1980C0073DCF0 /* PBXContainerItemProxy */ = {
			isa = PBXContainerItemProxy;
			containerPortal = EF89FC4E21A1980B0073DCF0 /* Project object */;
			proxyType = 1;
			remoteGlobalIDString = EF89FC5521A1980B0073DCF0;
			remoteInfo = Test2;
		};
/* End PBXContainerItemProxy section */

/* Begin PBXFileReference section */
		EF89FC5621A1980B0073DCF0 /* Test2.app */ = {isa = PBXFileReference; explicitFileType = wrapper.application; includeInIndex = 0; path = Test2.app; sourceTree = BUILT_PRODUCTS_DIR; };
		EF89FC5921A1980B0073DCF0 /* AppDelegate.swift */ = {isa = PBXFileReference; lastKnownFileType = sourcecode.swift; path = AppDelegate.swift; sourceTree = "<group>"; };
		EF89FC5B21A1980B0073DCF0 /* ViewController.swift */ = {isa = PBXFileReference; lastKnownFileType = sourcecode.swift; path = ViewController.swift; sourceTree = "<group>"; };
		EF89FC5E21A1980B0073DCF0 /* Base */ = {isa = PBXFileReference; lastKnownFileType = file.storyboard; name = Base; path = Base.lproj/Main.storyboard; sourceTree = "<group>"; };
		EF89FC6021A1980B0073DCF0 /* Assets.xcassets */ = {isa = PBXFileReference; lastKnownFileType = folder.assetcatalog; path = Assets.xcassets; sourceTree = "<group>"; };
		EF89FC6321A1980B0073DCF0 /* Base */ = {isa = PBXFileReference; lastKnownFileType = file.storyboard; name = Base; path = Base.lproj/LaunchScreen.storyboard; sourceTree = "<group>"; };
		EF89FC6521A1980B0073DCF0 /* Info.plist */ = {isa = PBXFileReference; lastKnownFileType = text.plist.xml; path = Info.plist; sourceTree = "<group>"; };
		EF89FC6A21A1980C0073DCF0 /* Test2Tests.xctest */ = {isa = PBXFileReference; explicitFileType = wrapper.cfbundle; includeInIndex = 0; path = Test2Tests.xctest; sourceTree = BUILT_PRODUCTS_DIR; };
		EF89FC6E21A1980C0073DCF0 /* Test2Tests.swift */ = {isa = PBXFileReference; lastKnownFileType = sourcecode.swift; path = Test2Tests.swift; sourceTree = "<group>"; };
		EF89FC7021A1980C0073DCF0 /* Info.plist */ = {isa = PBXFileReference; lastKnownFileType = text.plist.xml; path = Info.plist; sourceTree = "<group>"; };
		EF89FC7521A1980C0073DCF0 /* Test2UITests.xctest */ = {isa = PBXFileReference; explicitFileType = wrapper.cfbundle; includeInIndex = 0; path = Test2UITests.xctest; sourceTree = BUILT_PRODUCTS_DIR; };
		EF89FC7921A1980C0073DCF0 /* Test2UITests.swift */ = {isa = PBXFileReference; lastKnownFileType = sourcecode.swift; path = Test2UITests.swift; sourceTree = "<group>"; };
		EF89FC7B21A1980C0073DCF0 /* Info.plist */ = {isa = PBXFileReference; lastKnownFileType = text.plist.xml; path = Info.plist; sourceTree = "<group>"; };
/* End PBXFileReference section */

/* Begin PBXFrameworksBuildPhase section */
		EF89FC5321A1980B0073DCF0 /* Frameworks */ = {
			isa = PBXFrameworksBuildPhase;
			buildActionMask = 2147483647;
			files = (
			);
			runOnlyForDeploymentPostprocessing = 0;
		};
		EF89FC6721A1980C0073DCF0 /* Frameworks */ = {
			isa = PBXFrameworksBuildPhase;
			buildActionMask = 2147483647;
			files = (
			);
			runOnlyForDeploymentPostprocessing = 0;
		};
		EF89FC7221A1980C0073DCF0 /* Frameworks */ = {
			isa = PBXFrameworksBuildPhase;
			buildActionMask = 2147483647;
			files = (
			);
			runOnlyForDeploymentPostprocessing = 0;
		};
/* End PBXFrameworksBuildPhase section */

/* Begin PBXGroup section */
		EF89FC4D21A1980B0073DCF0 = {
			isa = PBXGroup;
			children = (
				EF89FC5821A1980B0073DCF0 /* Test2 */,
				EF89FC6D21A1980C0073DCF0 /* Test2Tests */,
				EF89FC7821A1980C0073DCF0 /* Test2UITests */,
				EF89FC5721A1980B0073DCF0 /* Products */,
			);
			sourceTree = "<group>";
		};
		EF89FC5721A1980B0073DCF0 /* Products */ = {
			isa = PBXGroup;
			children = (
				EF89FC5621A1980B0073DCF0 /* Test2.app */,
				EF89FC6A21A1980C0073DCF0 /* Test2Tests.xctest */,
				EF89FC7521A1980C0073DCF0 /* Test2UITests.xctest */,
			);
			name = Products;
			sourceTree = "<group>";
		};
		EF89FC5821A1980B0073DCF0 /* Test2 */ = {
			isa = PBXGroup;
			children = (
				EF89FC5921A1980B0073DCF0 /* AppDelegate.swift */,
				EF89FC5B21A1980B0073DCF0 /* ViewController.swift */,
				EF89FC5D21A1980B0073DCF0 /* Main.storyboard */,
				EF89FC6021A1980B0073DCF0 /* Assets.xcassets */,
				EF89FC6221A1980B0073DCF0 /* LaunchScreen.storyboard */,
				EF89FC6521A1980B0073DCF0 /* Info.plist */,
			);
			path = Test2;
			sourceTree = "<group>";
		};
		EF89FC6D21A1980C0073DCF0 /* Test2Tests */ = {
			isa = PBXGroup;
			children = (
				EF89FC6E21A1980C0073DCF0 /* Test2Tests.swift */,
				EF89FC7021A1980C0073DCF0 /* Info.plist */,
			);
			path = Test2Tests;
			sourceTree = "<group>";
		};
		EF89FC7821A1980C0073DCF0 /* Test2UITests */ = {
			isa = PBXGroup;
			children = (
				EF89FC7921A1980C0073DCF0 /* Test2UITests.swift */,
				EF89FC7B21A1980C0073DCF0 /* Info.plist */,
			);
			path = Test2UITests;
			sourceTree = "<group>";
		};
/* End PBXGroup section */

/* Begin PBXNativeTarget section */
		EF89FC5521A1980B0073DCF0 /* Test2 */ = {
			isa = PBXNativeTarget;
			buildConfigurationList = EF89FC7E21A1980C0073DCF0 /* Build configuration list for PBXNativeTarget "Test2" */;
			buildPhases = (
				EF89FC5221A1980B0073DCF0 /* Sources */,
				EF89FC5321A1980B0073DCF0 /* Frameworks */,
				EF89FC5421A1980B0073DCF0 /* Resources */,
			);
			buildRules = (
			);
			dependencies = (
			);
			name = Test2;
			productName = Test2;
			productReference = EF89FC5621A1980B0073DCF0 /* Test2.app */;
			productType = "com.apple.product-type.application";
		};
		EF89FC6921A1980C0073DCF0 /* Test2Tests */ = {
			isa = PBXNativeTarget;
			buildConfigurationList = EF89FC8121A1980C0073DCF0 /* Build configuration list for PBXNativeTarget "Test2Tests" */;
			buildPhases = (
				EF89FC6621A1980C0073DCF0 /* Sources */,
				EF89FC6721A1980C0073DCF0 /* Frameworks */,
				EF89FC6821A1980C0073DCF0 /* Resources */,
			);
			buildRules = (
			);
			dependencies = (
				EF89FC6C21A1980C0073DCF0 /* PBXTargetDependency */,
			);
			name = Test2Tests;
			productName = Test2Tests;
			productReference = EF89FC6A21A1980C0073DCF0 /* Test2Tests.xctest */;
			productType = "com.apple.product-type.bundle.unit-test";
		};
		EF89FC7421A1980C0073DCF0 /* Test2UITests */ = {
			isa = PBXNativeTarget;
			buildConfigurationList = EF89FC8421A1980C0073DCF0 /* Build configuration list for PBXNativeTarget "Test2UITests" */;
			buildPhases = (
				EF89FC7121A1980C0073DCF0 /* Sources */,
				EF89FC7221A1980C0073DCF0 /* Frameworks */,
				EF89FC7321A1980C0073DCF0 /* Resources */,
			);
			buildRules = (
			);
			dependencies = (
				EF89FC7721A1980C0073DCF0 /* PBXTargetDependency */,
			);
			name = Test2UITests;
			productName = Test2UITests;
			productReference = EF89FC7521A1980C0073DCF0 /* Test2UITests.xctest */;
			productType = "com.apple.product-type.bundle.ui-testing";
		};
/* End PBXNativeTarget section */

/* Begin PBXProject section */
		EF89FC4E21A1980B0073DCF0 /* Project object */ = {
			isa = PBXProject;
			attributes = {
				LastSwiftUpdateCheck = 1010;
				LastUpgradeCheck = 1010;
				ORGANIZATIONNAME = "Global DPI";
				TargetAttributes = {
					EF89FC5521A1980B0073DCF0 = {
						CreatedOnToolsVersion = 10.1;
					};
					EF89FC6921A1980C0073DCF0 = {
						CreatedOnToolsVersion = 10.1;
						TestTargetID = EF89FC5521A1980B0073DCF0;
					};
					EF89FC7421A1980C0073DCF0 = {
						CreatedOnToolsVersion = 10.1;
						TestTargetID = EF89FC5521A1980B0073DCF0;
					};
				};
			};
			buildConfigurationList = EF89FC5121A1980B0073DCF0 /* Build configuration list for PBXProject "Test2" */;
			compatibilityVersion = "Xcode 9.3";
			developmentRegion = en;
			hasScannedForEncodings = 0;
			knownRegions = (
				en,
				Base,
			);
			mainGroup = EF89FC4D21A1980B0073DCF0;
			productRefGroup = EF89FC5721A1980B0073DCF0 /* Products */;
			projectDirPath = "";
			projectRoot = "";
			targets = (
				EF89FC5521A1980B0073DCF0 /* Test2 */,
				EF89FC6921A1980C0073DCF0 /* Test2Tests */,
				EF89FC7421A1980C0073DCF0 /* Test2UITests */,
			);
		};
/* End PBXProject section */

/* Begin PBXResourcesBuildPhase section */
		EF89FC5421A1980B0073DCF0 /* Resources */ = {
			isa = PBXResourcesBuildPhase;
			buildActionMask = 2147483647;
			files = (
				EF89FC6421A1980B0073DCF0 /* LaunchScreen.storyboard in Resources */,
				EF89FC6121A1980B0073DCF0 /* Assets.xcassets in Resources */,
				EF89FC5F21A1980B0073DCF0 /* Main.storyboard in Resources */,
			);
			runOnlyForDeploymentPostprocessing = 0;
		};
		EF89FC6821A1980C0073DCF0 /* Resources */ = {
			isa = PBXResourcesBuildPhase;
			buildActionMask = 2147483647;
			files = (
			);
			runOnlyForDeploymentPostprocessing = 0;
		};
		EF89FC7321A1980C0073DCF0 /* Resources */ = {
			isa = PBXResourcesBuildPhase;
			buildActionMask = 2147483647;
			files = (
			);
			runOnlyForDeploymentPostprocessing = 0;
		};
/* End PBXResourcesBuildPhase section */

/* Begin PBXSourcesBuildPhase section */
		EF89FC5221A1980B0073DCF0 /* Sources */ = {
			isa = PBXSourcesBuildPhase;
			buildActionMask = 2147483647;
			files = (
				EF89FC5C21A1980B0073DCF0 /* ViewController.swift in Sources */,
				EF89FC5A21A1980B0073DCF0 /* AppDelegate.swift in Sources */,
			);
			runOnlyForDeploymentPostprocessing = 0;
		};
		EF89FC6621A1980C0073DCF0 /* Sources */ = {
			isa = PBXSourcesBuildPhase;
			buildActionMask = 2147483647;
			files = (
				EF89FC6F21A1980C0073DCF0 /* Test2Tests.swift in Sources */,
			);
			runOnlyForDeploymentPostprocessing = 0;
		};
		EF89FC7121A1980C0073DCF0 /* Sources */ = {
			isa = PBXSourcesBuildPhase;
			buildActionMask = 2147483647;
			files = (
				EF89FC7A21A1980C0073DCF0 /* Test2UITests.swift in Sources */,
			);
			runOnlyForDeploymentPostprocessing = 0;
		};
/* End PBXSourcesBuildPhase section */

/* Begin PBXTargetDependency section */
		EF89FC6C21A1980C0073DCF0 /* PBXTargetDependency */ = {
			isa = PBXTargetDependency;
			target = EF89FC5521A1980B0073DCF0 /* Test2 */;
			targetProxy = EF89FC6B21A1980C0073DCF0 /* PBXContainerItemProxy */;
		};
		EF89FC7721A1980C0073DCF0 /* PBXTargetDependency */ = {
			isa = PBXTargetDependency;
			target = EF89FC5521A1980B0073DCF0 /* Test2 */;
			targetProxy = EF89FC7621A1980C0073DCF0 /* PBXContainerItemProxy */;
		};
/* End PBXTargetDependency section */

/* Begin PBXVariantGroup section */
		EF89FC5D21A1980B0073DCF0 /* Main.storyboard */ = {
			isa = PBXVariantGroup;
			children = (
				EF89FC5E21A1980B0073DCF0 /* Base */,
			);
			name = Main.storyboard;
			sourceTree = "<group>";
		};
		EF89FC6221A1980B0073DCF0 /* LaunchScreen.storyboard */ = {
			isa = PBXVariantGroup;
			children = (
				EF89FC6321A1980B0073DCF0 /* Base */,
			);
			name = LaunchScreen.storyboard;
			sourceTree = "<group>";
		};
/* End PBXVariantGroup section */

/* Begin XCBuildConfiguration section */
		EF89FC7C21A1980C0073DCF0 /* Debug */ = {
			isa = XCBuildConfiguration;
			buildSettings = {
				ALWAYS_SEARCH_USER_PATHS = NO;
				CLANG_ANALYZER_NONNULL = YES;
				CLANG_ANALYZER_NUMBER_OBJECT_CONVERSION = YES_AGGRESSIVE;
				CLANG_CXX_LANGUAGE_STANDARD = "gnu++14";
				CLANG_CXX_LIBRARY = "libc++";
				CLANG_ENABLE_MODULES = YES;
				CLANG_ENABLE_OBJC_ARC = YES;
				CLANG_ENABLE_OBJC_WEAK = YES;
				CLANG_WARN_BLOCK_CAPTURE_AUTORELEASING = YES;
				CLANG_WARN_BOOL_CONVERSION = YES;
				CLANG_WARN_COMMA = YES;
				CLANG_WARN_CONSTANT_CONVERSION = YES;
				CLANG_WARN_DEPRECATED_OBJC_IMPLEMENTATIONS = YES;
				CLANG_WARN_DIRECT_OBJC_ISA_USAGE = YES_ERROR;
				CLANG_WARN_DOCUMENTATION_COMMENTS = YES;
				CLANG_WARN_EMPTY_BODY = YES;
				CLANG_WARN_ENUM_CONVERSION = YES;
				CLANG_WARN_INFINITE_RECURSION = YES;
				CLANG_WARN_INT_CONVERSION = YES;
				CLANG_WARN_NON_LITERAL_NULL_CONVERSION = YES;
				CLANG_WARN_OBJC_IMPLICIT_RETAIN_SELF = YES;
				CLANG_WARN_OBJC_LITERAL_CONVERSION = YES;
				CLANG_WARN_OBJC_ROOT_CLASS = YES_ERROR;
				CLANG_WARN_RANGE_LOOP_ANALYSIS = YES;
				CLANG_WARN_STRICT_PROTOTYPES = YES;
				CLANG_WARN_SUSPICIOUS_MOVE = YES;
				CLANG_WARN_UNGUARDED_AVAILABILITY = YES_AGGRESSIVE;
				CLANG_WARN_UNREACHABLE_CODE = YES;
				CLANG_WARN__DUPLICATE_METHOD_MATCH = YES;
				CODE_SIGN_IDENTITY = "iPhone Developer";
				COPY_PHASE_STRIP = NO;
				DEBUG_INFORMATION_FORMAT = dwarf;
				ENABLE_STRICT_OBJC_MSGSEND = YES;
				ENABLE_TESTABILITY = YES;
				GCC_C_LANGUAGE_STANDARD = gnu11;
				GCC_DYNAMIC_NO_PIC = NO;
				GCC_NO_COMMON_BLOCKS = YES;
				GCC_OPTIMIZATION_LEVEL = 0;
				GCC_PREPROCESSOR_DEFINITIONS = (
					"DEBUG=1",
					"$(inherited)",
				);
				GCC_WARN_64_TO_32_BIT_CONVERSION = YES;
				GCC_WARN_ABOUT_RETURN_TYPE = YES_ERROR;
				GCC_WARN_UNDECLARED_SELECTOR = YES;
				GCC_WARN_UNINITIALIZED_AUTOS = YES_AGGRESSIVE;
				GCC_WARN_UNUSED_FUNCTION = YES;
				GCC_WARN_UNUSED_VARIABLE = YES;
				IPHONEOS_DEPLOYMENT_TARGET = 12.1;
				MTL_ENABLE_DEBUG_INFO = INCLUDE_SOURCE;
				MTL_FAST_MATH = YES;
				ONLY_ACTIVE_ARCH = YES;
				SDKROOT = iphoneos;
				SWIFT_ACTIVE_COMPILATION_CONDITIONS = DEBUG;
				SWIFT_OPTIMIZATION_LEVEL = "-Onone";
			};
			name = Debug;
		};
		EF89FC7D21A1980C0073DCF0 /* Release */ = {
			isa = XCBuildConfiguration;
			buildSettings = {
				ALWAYS_SEARCH_USER_PATHS = NO;
				CLANG_ANALYZER_NONNULL = YES;
				CLANG_ANALYZER_NUMBER_OBJECT_CONVERSION = YES_AGGRESSIVE;
				CLANG_CXX_LANGUAGE_STANDARD = "gnu++14";
				CLANG_CXX_LIBRARY = "libc++";
				CLANG_ENABLE_MODULES = YES;
				CLANG_ENABLE_OBJC_ARC = YES;
				CLANG_ENABLE_OBJC_WEAK = YES;
				CLANG_WARN_BLOCK_CAPTURE_AUTORELEASING = YES;
				CLANG_WARN_BOOL_CONVERSION = YES;
				CLANG_WARN_COMMA = YES;
				CLANG_WARN_CONSTANT_CONVERSION = YES;
				CLANG_WARN_DEPRECATED_OBJC_IMPLEMENTATIONS = YES;
				CLANG_WARN_DIRECT_OBJC_ISA_USAGE = YES_ERROR;
				CLANG_WARN_DOCUMENTATION_COMMENTS = YES;
				CLANG_WARN_EMPTY_BODY = YES;
				CLANG_WARN_ENUM_CONVERSION = YES;
				CLANG_WARN_INFINITE_RECURSION = YES;
				CLANG_WARN_INT_CONVERSION = YES;
				CLANG_WARN_NON_LITERAL_NULL_CONVERSION = YES;
				CLANG_WARN_OBJC_IMPLICIT_RETAIN_SELF = YES;
				CLANG_WARN_OBJC_LITERAL_CONVERSION = YES;
				CLANG_WARN_OBJC_ROOT_CLASS = YES_ERROR;
				CLANG_WARN_RANGE_LOOP_ANALYSIS = YES;
				CLANG_WARN_STRICT_PROTOTYPES = YES;
				CLANG_WARN_SUSPICIOUS_MOVE = YES;
				CLANG_WARN_UNGUARDED_AVAILABILITY = YES_AGGRESSIVE;
				CLANG_WARN_UNREACHABLE_CODE = YES;
				CLANG_WARN__DUPLICATE_METHOD_MATCH = YES;
				CODE_SIGN_IDENTITY = "iPhone Developer";
				COPY_PHASE_STRIP = NO;
				DEBUG_INFORMATION_FORMAT = "dwarf-with-dsym";
				ENABLE_NS_ASSERTIONS = NO;
				ENABLE_STRICT_OBJC_MSGSEND = YES;
				GCC_C_LANGUAGE_STANDARD = gnu11;
				GCC_NO_COMMON_BLOCKS = YES;
				GCC_WARN_64_TO_32_BIT_CONVERSION = YES;
				GCC_WARN_ABOUT_RETURN_TYPE = YES_ERROR;
				GCC_WARN_UNDECLARED_SELECTOR = YES;
				GCC_WARN_UNINITIALIZED_AUTOS = YES_AGGRESSIVE;
				GCC_WARN_UNUSED_FUNCTION = YES;
				GCC_WARN_UNUSED_VARIABLE = YES;
				IPHONEOS_DEPLOYMENT_TARGET = 12.1;
				MTL_ENABLE_DEBUG_INFO = NO;
				MTL_FAST_MATH = YES;
				SDKROOT = iphoneos;
				SWIFT_COMPILATION_MODE = wholemodule;
				SWIFT_OPTIMIZATION_LEVEL = "-O";
				VALIDATE_PRODUCT = YES;
			};
			name = Release;
		};
		EF89FC7F21A1980C0073DCF0 /* Debug */ = {
			isa = XCBuildConfiguration;
			buildSettings = {
				ASSETCATALOG_COMPILER_APPICON_NAME = AppIcon;
				CODE_SIGN_STYLE = Automatic;
				DEVELOPMENT_TEAM = VFL8GC5L8N;
				INFOPLIST_FILE = Test2/Info.plist;
				LD_RUNPATH_SEARCH_PATHS = (
					"$(inherited)",
					"@executable_path/Frameworks",
				);
				PRODUCT_BUNDLE_IDENTIFIER = globaldpi.com.Test2;
				PRODUCT_NAME = "$(TARGET_NAME)";
				SWIFT_VERSION = 4.2;
				TARGETED_DEVICE_FAMILY = "1,2";
			};
			name = Debug;
		};
		EF89FC8021A1980C0073DCF0 /* Release */ = {
			isa = XCBuildConfiguration;
			buildSettings = {
				ASSETCATALOG_COMPILER_APPICON_NAME = AppIcon;
				CODE_SIGN_STYLE = Automatic;
				DEVELOPMENT_TEAM = VFL8GC5L8N;
				INFOPLIST_FILE = Test2/Info.plist;
				LD_RUNPATH_SEARCH_PATHS = (
					"$(inherited)",
					"@executable_path/Frameworks",
				);
				PRODUCT_BUNDLE_IDENTIFIER = globaldpi.com.Test2;
				PRODUCT_NAME = "$(TARGET_NAME)";
				SWIFT_VERSION = 4.2;
				TARGETED_DEVICE_FAMILY = "1,2";
			};
			name = Release;
		};
		EF89FC8221A1980C0073DCF0 /* Debug */ = {
			isa = XCBuildConfiguration;
			buildSettings = {
				ALWAYS_EMBED_SWIFT_STANDARD_LIBRARIES = YES;
				BUNDLE_LOADER = "$(TEST_HOST)";
				CODE_SIGN_STYLE = Automatic;
				DEVELOPMENT_TEAM = VFL8GC5L8N;
				INFOPLIST_FILE = Test2Tests/Info.plist;
				LD_RUNPATH_SEARCH_PATHS = (
					"$(inherited)",
					"@executable_path/Frameworks",
					"@loader_path/Frameworks",
				);
				PRODUCT_BUNDLE_IDENTIFIER = globaldpi.com.Test2Tests;
				PRODUCT_NAME = "$(TARGET_NAME)";
				SWIFT_VERSION = 4.2;
				TARGETED_DEVICE_FAMILY = "1,2";
				TEST_HOST = "$(BUILT_PRODUCTS_DIR)/Test2.app/Test2";
			};
			name = Debug;
		};
		EF89FC8321A1980C0073DCF0 /* Release */ = {
			isa = XCBuildConfiguration;
			buildSettings = {
				ALWAYS_EMBED_SWIFT_STANDARD_LIBRARIES = YES;
				BUNDLE_LOADER = "$(TEST_HOST)";
				CODE_SIGN_STYLE = Automatic;
				DEVELOPMENT_TEAM = VFL8GC5L8N;
				INFOPLIST_FILE = Test2Tests/Info.plist;
				LD_RUNPATH_SEARCH_PATHS = (
					"$(inherited)",
					"@executable_path/Frameworks",
					"@loader_path/Frameworks",
				);
				PRODUCT_BUNDLE_IDENTIFIER = globaldpi.com.Test2Tests;
				PRODUCT_NAME = "$(TARGET_NAME)";
				SWIFT_VERSION = 4.2;
				TARGETED_DEVICE_FAMILY = "1,2";
				TEST_HOST = "$(BUILT_PRODUCTS_DIR)/Test2.app/Test2";
			};
			name = Release;
		};
		EF89FC8521A1980C0073DCF0 /* Debug */ = {
			isa = XCBuildConfiguration;
			buildSettings = {
				ALWAYS_EMBED_SWIFT_STANDARD_LIBRARIES = YES;
				CODE_SIGN_STYLE = Automatic;
				DEVELOPMENT_TEAM = VFL8GC5L8N;
				INFOPLIST_FILE = Test2UITests/Info.plist;
				LD_RUNPATH_SEARCH_PATHS = (
					"$(inherited)",
					"@executable_path/Frameworks",
					"@loader_path/Frameworks",
				);
				PRODUCT_BUNDLE_IDENTIFIER = globaldpi.com.Test2UITests;
				PRODUCT_NAME = "$(TARGET_NAME)";
				SWIFT_VERSION = 4.2;
				TARGETED_DEVICE_FAMILY = "1,2";
				TEST_TARGET_NAME = Test2;
			};
			name = Debug;
		};
		EF89FC8621A1980C0073DCF0 /* Release */ = {
			isa = XCBuildConfiguration;
			buildSettings = {
				ALWAYS_EMBED_SWIFT_STANDARD_LIBRARIES = YES;
				CODE_SIGN_STYLE = Automatic;
				DEVELOPMENT_TEAM = VFL8GC5L8N;
				INFOPLIST_FILE = Test2UITests/Info.plist;
				LD_RUNPATH_SEARCH_PATHS = (
					"$(inherited)",
					"@executable_path/Frameworks",
					"@loader_path/Frameworks",
				);
				PRODUCT_BUNDLE_IDENTIFIER = globaldpi.com.Test2UITests;
				PRODUCT_NAME = "$(TARGET_NAME)";
				SWIFT_VERSION = 4.2;
				TARGETED_DEVICE_FAMILY = "1,2";
				TEST_TARGET_NAME = Test2;
			};
			name = Release;
		};
/* End XCBuildConfiguration section */

/* Begin XCConfigurationList section */
		EF89FC5121A1980B0073DCF0 /* Build configuration list for PBXProject "Test2" */ = {
			isa = XCConfigurationList;
			buildConfigurations = (
				EF89FC7C21A1980C0073DCF0 /* Debug */,
				EF89FC7D21A1980C0073DCF0 /* Release */,
			);
			defaultConfigurationIsVisible = 0;
			defaultConfigurationName = Release;
		};
		EF89FC7E21A1980C0073DCF0 /* Build configuration list for PBXNativeTarget "Test2" */ = {
			isa = XCConfigurationList;
			buildConfigurations = (
				EF89FC7F21A1980C0073DCF0 /* Debug */,
				EF89FC8021A1980C0073DCF0 /* Release */,
			);
			defaultConfigurationIsVisible = 0;
			defaultConfigurationName = Release;
		};
		EF89FC8121A1980C0073DCF0 /* Build configuration list for PBXNativeTarget "Test2Tests" */ = {
			isa = XCConfigurationList;
			buildConfigurations = (
				EF89FC8221A1980C0073DCF0 /* Debug */,
				EF89FC8321A1980C0073DCF0 /* Release */,
			);
			defaultConfigurationIsVisible = 0;
			defaultConfigurationName = Release;
		};
		EF89FC8421A1980C0073DCF0 /* Build configuration list for PBXNativeTarget "Test2UITests" */ = {
			isa = XCConfigurationList;
			buildConfigurations = (
				EF89FC8521A1980C0073DCF0 /* Debug */,
				EF89FC8621A1980C0073DCF0 /* Release */,
			);
			defaultConfigurationIsVisible = 0;
			defaultConfigurationName = Release;
		};
/* End XCConfigurationList section */
	};
	rootObject = EF89FC4E21A1980B0073DCF0 /* Project object */;
}
